{
  "nodes": {
    "gel": {
      "inputs": {
        "nixpkgs": [
          "nixpkgs"
        ]
      },
      "locked": {
        "lastModified": 1688323853,
        "narHash": "sha256-ttcXPiNXfhCjTSQ0pNA5CQL1joYyjC8uVU22Z0Iij78=",
        "owner": "UCLA-VAST",
        "repo": "GEL",
        "rev": "07a2cbaaef5c4cf64bdd42a3cd90023e44ed9992",
        "type": "github"
      },
      "original": {
        "owner": "UCLA-VAST",
        "repo": "GEL",
        "type": "github"
      }
    },
    "nixpkgs": {
      "locked": {
        "lastModified": 1640718479,
        "narHash": "sha256-hm5yC3ynZE9bH564NmFdWv07RtCKr/fgT8Veh594j4M=",
        "owner": "NixOS",
        "repo": "nixpkgs",
        "rev": "d53978239b265066804a45b7607b010b9cb4c50c",
        "type": "github"
      },
      "original": {
        "owner": "NixOS",
        "repo": "nixpkgs",
        "rev": "d53978239b265066804a45b7607b010b9cb4c50c",
        "type": "github"
      }
    },
    "openvdb": {
      "inputs": {
        "nixpkgs": [
          "nixpkgs"
        ]
      },
      "locked": {
        "lastModified": 1690150789,
        "narHash": "sha256-vAwY1GSh3cdLN6lJNrbxruIajIoUWiwE7jQO7bv55GI=",
        "owner": "UCLA-VAST",
        "repo": "openvdb",
        "rev": "0955511402c362f023c1f7de26c402db805dce18",
        "type": "github"
      },
      "original": {
        "owner": "UCLA-VAST",
        "repo": "openvdb",
        "type": "github"
      }
    },
    "root": {
      "inputs": {
        "gel": "gel",
        "nixpkgs": "nixpkgs",
        "openvdb": "openvdb"
      }
    }
  },
  "root": "root",
  "version": 7
}
