{
  "nodes": {
    "gel": {
      "inputs": {
        "nixpkgs": [
          "nixpkgs"
        ]
      },
      "locked": {
        "lastModified": 1696335744,
        "narHash": "sha256-ajAJ5ESr8CletHLOrRlX5YdPor8cWVgYM8f3BDK1LLU=",
        "owner": "UCLA-VAST",
        "repo": "GEL",
        "rev": "f3951857e14b445b4320b596ec707deb648a4ec5",
        "type": "github"
      },
      "original": {
        "owner": "UCLA-VAST",
        "ref": "experimental2",
        "repo": "GEL",
        "type": "github"
      }
    },
    "nixpkgs": {
      "locked": {
        "lastModified": 1640718479,
        "narHash": "sha256-hm5yC3ynZE9bH564NmFdWv07RtCKr/fgT8Veh594j4M=",
        "owner": "NixOS",
        "repo": "nixpkgs",
        "rev": "d53978239b265066804a45b7607b010b9cb4c50c",
        "type": "github"
      },
      "original": {
        "owner": "NixOS",
        "repo": "nixpkgs",
        "rev": "d53978239b265066804a45b7607b010b9cb4c50c",
        "type": "github"
      }
    },
    "openvdb": {
      "inputs": {
        "nixpkgs": [
          "nixpkgs"
        ]
      },
      "locked": {
        "lastModified": 1693695292,
        "narHash": "sha256-8CRMByTwU5NmxZUaWKV8dI2tltsx93izZJMp0nwH8oU=",
        "owner": "UCLA-VAST",
        "repo": "openvdb",
        "rev": "3d71cb46ab66d8f30522c55053ba836bba3abc59",
        "type": "github"
      },
      "original": {
        "owner": "UCLA-VAST",
        "ref": "feat/reachable-resurfacing-nix",
        "repo": "openvdb",
        "type": "github"
      }
    },
    "root": {
      "inputs": {
        "gel": "gel",
        "nixpkgs": "nixpkgs",
        "openvdb": "openvdb"
      }
    }
  },
  "root": "root",
  "version": 7
}
