{
  "nodes": {
    "nixpkgs": {
      "locked": {
        "lastModified": 1640718479,
        "narHash": "sha256-hm5yC3ynZE9bH564NmFdWv07RtCKr/fgT8Veh594j4M=",
        "owner": "NixOS",
        "repo": "nixpkgs",
        "rev": "d53978239b265066804a45b7607b010b9cb4c50c",
        "type": "github"
      },
      "original": {
        "owner": "NixOS",
        "repo": "nixpkgs",
        "rev": "d53978239b265066804a45b7607b010b9cb4c50c",
        "type": "github"
      }
    },
    "openvdb": {
      "inputs": {
        "nixpkgs": [
          "nixpkgs"
        ]
      },
      "locked": {
        "lastModified": 1648250038,
        "narHash": "sha256-9cGYQPdUpr2dDVCUiJ5F6eCTRxIeiNmab6oDxp1f0B4=",
        "owner": "UCLA-VAST",
        "repo": "openvdb",
        "rev": "0b7340d36b095ddafde96b51d270de75739a2a90",
        "type": "github"
      },
      "original": {
        "owner": "UCLA-VAST",
        "repo": "openvdb",
        "type": "github"
      }
    },
    "root": {
      "inputs": {
        "nixpkgs": "nixpkgs",
        "openvdb": "openvdb"
      }
    }
  },
  "root": "root",
  "version": 7
}
